{
  "name": "project_12--a",
  "version": "0.0.1",
  "lockfileVersion": 1,
  "requires": true,
  "dependencies": {
    "cli-spinners": {
      "version": "2.1.0",
      "resolved": "https://registry.npmjs.org/cli-spinners/-/cli-spinners-2.1.0.tgz",
      "integrity": "sha512-8B00fJOEh1HPrx4fo5eW16XmE1PcL1tGpGrxy63CXGP9nHdPBN63X75hA1zhvQuhVztJWLqV58Roj2qlNM7cAA=="
    }
  }
}
